
Microsoft Visual Studio Solution File, Format Version 12.00
# Visual Studio Version 17
VisualStudioVersion = 17.8.34525.116
MinimumVisualStudioVersion = 10.0.40219.1
Project("{FAE04EC0-301F-11D3-BF4B-00C04F79EFBC}") = "CarritoCompra", "CarritoCompra\CarritoCompra.csproj", "{01ABDF7F-21C4-40B8-AA1D-FAFBCE900CCC}"
EndProject
Global
	GlobalSection(SolutionConfigurationPlatforms) = preSolution
		Debug|Any CPU = Debug|Any CPU
		Release|Any CPU = Release|Any CPU
	EndGlobalSection
	GlobalSection(ProjectConfigurationPlatforms) = postSolution
		{01ABDF7F-21C4-40B8-AA1D-FAFBCE900CCC}.Debug|Any CPU.ActiveCfg = Debug|Any CPU
		{01ABDF7F-21C4-40B8-AA1D-FAFBCE900CCC}.Debug|Any CPU.Build.0 = Debug|Any CPU
		{01ABDF7F-21C4-40B8-AA1D-FAFBCE900CCC}.Release|Any CPU.ActiveCfg = Release|Any CPU
		{01ABDF7F-21C4-40B8-AA1D-FAFBCE900CCC}.Release|Any CPU.Build.0 = Release|Any CPU
	EndGlobalSection
	GlobalSection(SolutionProperties) = preSolution
		HideSolutionNode = FALSE
	EndGlobalSection
	GlobalSection(ExtensibilityGlobals) = postSolution
		SolutionGuid = {5F8B6F2B-A2D1-4347-8BBC-7AF1E70787F6}
	EndGlobalSection
EndGlobal
